
Microsoft Visual Studio Solution File, Format Version 12.00
# Visual Studio Version 16
VisualStudioVersion = 16.0.33027.164
MinimumVisualStudioVersion = 10.0.40219.1
Project("{9A19103F-16F7-4668-BE54-9A1E7A4F7556}") = "EFCore.WebAPI", "EFCore.WebAPI\EFCore.WebAPI.csproj", "{7334BF79-36DA-4C35-AD2C-3A59C299A089}"
EndProject
Project("{FAE04EC0-301F-11D3-BF4B-00C04F79EFBC}") = "EFCore.Dominio", "EFCore.Dominio\EFCore.Dominio.csproj", "{4494F853-CA1B-4954-BF69-105C43CCB163}"
EndProject
Project("{FAE04EC0-301F-11D3-BF4B-00C04F79EFBC}") = "EFCore.Repo", "EFCore.Repo\EFCore.Repo.csproj", "{CA5A146F-C679-4D62-9106-9EA6AF4DD077}"
EndProject
Global
	GlobalSection(SolutionConfigurationPlatforms) = preSolution
		Debug|Any CPU = Debug|Any CPU
		Release|Any CPU = Release|Any CPU
	EndGlobalSection
	GlobalSection(ProjectConfigurationPlatforms) = postSolution
		{7334BF79-36DA-4C35-AD2C-3A59C299A089}.Debug|Any CPU.ActiveCfg = Debug|Any CPU
		{7334BF79-36DA-4C35-AD2C-3A59C299A089}.Debug|Any CPU.Build.0 = Debug|Any CPU
		{7334BF79-36DA-4C35-AD2C-3A59C299A089}.Release|Any CPU.ActiveCfg = Release|Any CPU
		{7334BF79-36DA-4C35-AD2C-3A59C299A089}.Release|Any CPU.Build.0 = Release|Any CPU
		{4494F853-CA1B-4954-BF69-105C43CCB163}.Debug|Any CPU.ActiveCfg = Debug|Any CPU
		{4494F853-CA1B-4954-BF69-105C43CCB163}.Debug|Any CPU.Build.0 = Debug|Any CPU
		{4494F853-CA1B-4954-BF69-105C43CCB163}.Release|Any CPU.ActiveCfg = Release|Any CPU
		{4494F853-CA1B-4954-BF69-105C43CCB163}.Release|Any CPU.Build.0 = Release|Any CPU
		{CA5A146F-C679-4D62-9106-9EA6AF4DD077}.Debug|Any CPU.ActiveCfg = Debug|Any CPU
		{CA5A146F-C679-4D62-9106-9EA6AF4DD077}.Debug|Any CPU.Build.0 = Debug|Any CPU
		{CA5A146F-C679-4D62-9106-9EA6AF4DD077}.Release|Any CPU.ActiveCfg = Release|Any CPU
		{CA5A146F-C679-4D62-9106-9EA6AF4DD077}.Release|Any CPU.Build.0 = Release|Any CPU
	EndGlobalSection
	GlobalSection(SolutionProperties) = preSolution
		HideSolutionNode = FALSE
	EndGlobalSection
	GlobalSection(ExtensibilityGlobals) = postSolution
		SolutionGuid = {D836065A-6AB9-4CDC-AAA5-BE39381DA146}
	EndGlobalSection
EndGlobal
